
Microsoft Visual Studio Solution File, Format Version 12.00
# Visual Studio Version 17
VisualStudioVersion = 17.3.32922.545
MinimumVisualStudioVersion = 10.0.40219.1
Project("{FAE04EC0-301F-11D3-BF4B-00C04F79EFBC}") = "vizefinalhesaplama", "vizefinalhesaplama\vizefinalhesaplama.csproj", "{CE965C5F-0EFF-4E77-99F6-A2D6B536FDD5}"
EndProject
Global
	GlobalSection(SolutionConfigurationPlatforms) = preSolution
		Debug|Any CPU = Debug|Any CPU
		Release|Any CPU = Release|Any CPU
	EndGlobalSection
	GlobalSection(ProjectConfigurationPlatforms) = postSolution
		{CE965C5F-0EFF-4E77-99F6-A2D6B536FDD5}.Debug|Any CPU.ActiveCfg = Debug|Any CPU
		{CE965C5F-0EFF-4E77-99F6-A2D6B536FDD5}.Debug|Any CPU.Build.0 = Debug|Any CPU
		{CE965C5F-0EFF-4E77-99F6-A2D6B536FDD5}.Release|Any CPU.ActiveCfg = Release|Any CPU
		{CE965C5F-0EFF-4E77-99F6-A2D6B536FDD5}.Release|Any CPU.Build.0 = Release|Any CPU
	EndGlobalSection
	GlobalSection(SolutionProperties) = preSolution
		HideSolutionNode = FALSE
	EndGlobalSection
	GlobalSection(ExtensibilityGlobals) = postSolution
		SolutionGuid = {A2BD791A-4819-4A81-93EB-8DF8FE211629}
	EndGlobalSection
EndGlobal
